
Microsoft Visual Studio Solution File, Format Version 12.00
# Visual Studio Version 17
VisualStudioVersion = 17.3.32929.385
MinimumVisualStudioVersion = 10.0.40219.1
Project("{9A19103F-16F7-4668-BE54-9A1E7A4F7556}") = "AdventOfCode2020", "AdventOfCode2020\AdventOfCode2020.csproj", "{552EC36B-93AE-44B9-BA70-AFECFD71EAAB}"
EndProject
Global
	GlobalSection(SolutionConfigurationPlatforms) = preSolution
		Debug|Any CPU = Debug|Any CPU
		Release|Any CPU = Release|Any CPU
	EndGlobalSection
	GlobalSection(ProjectConfigurationPlatforms) = postSolution
		{552EC36B-93AE-44B9-BA70-AFECFD71EAAB}.Debug|Any CPU.ActiveCfg = Debug|Any CPU
		{552EC36B-93AE-44B9-BA70-AFECFD71EAAB}.Debug|Any CPU.Build.0 = Debug|Any CPU
		{552EC36B-93AE-44B9-BA70-AFECFD71EAAB}.Release|Any CPU.ActiveCfg = Release|Any CPU
		{552EC36B-93AE-44B9-BA70-AFECFD71EAAB}.Release|Any CPU.Build.0 = Release|Any CPU
	EndGlobalSection
	GlobalSection(SolutionProperties) = preSolution
		HideSolutionNode = FALSE
	EndGlobalSection
	GlobalSection(ExtensibilityGlobals) = postSolution
		SolutionGuid = {09A79772-1C64-4FEE-AA7C-694DBD05BF53}
	EndGlobalSection
EndGlobal
